
Microsoft Visual Studio Solution File, Format Version 12.00
# Visual Studio Version 17
VisualStudioVersion = 17.0.32014.148
MinimumVisualStudioVersion = 10.0.40219.1
Project("{FAE04EC0-301F-11D3-BF4B-00C04F79EFBC}") = "ApartmentBook", "ApartmentBook\ApartmentBook.csproj", "{9AD5AA7C-C230-48B2-AA95-A682F5D5DE03}"
EndProject
Global
	GlobalSection(SolutionConfigurationPlatforms) = preSolution
		Debug|Any CPU = Debug|Any CPU
		Release|Any CPU = Release|Any CPU
	EndGlobalSection
	GlobalSection(ProjectConfigurationPlatforms) = postSolution
		{9AD5AA7C-C230-48B2-AA95-A682F5D5DE03}.Debug|Any CPU.ActiveCfg = Debug|Any CPU
		{9AD5AA7C-C230-48B2-AA95-A682F5D5DE03}.Debug|Any CPU.Build.0 = Debug|Any CPU
		{9AD5AA7C-C230-48B2-AA95-A682F5D5DE03}.Release|Any CPU.ActiveCfg = Release|Any CPU
		{9AD5AA7C-C230-48B2-AA95-A682F5D5DE03}.Release|Any CPU.Build.0 = Release|Any CPU
	EndGlobalSection
	GlobalSection(SolutionProperties) = preSolution
		HideSolutionNode = FALSE
	EndGlobalSection
	GlobalSection(ExtensibilityGlobals) = postSolution
		SolutionGuid = {D55518E5-1EFB-4F01-8275-936C4FF6F159}
	EndGlobalSection
EndGlobal
