
Microsoft Visual Studio Solution File, Format Version 12.00
# Visual Studio Version 17
VisualStudioVersion = 17.0.32014.148
MinimumVisualStudioVersion = 10.0.40219.1
Project("{9A19103F-16F7-4668-BE54-9A1E7A4F7556}") = "ApartmentBook.MVC", "ApartmentBook.MVC\ApartmentBook.MVC.csproj", "{4768A9B6-3B6A-49C4-B635-702B8FFEF05A}"
EndProject
Project("{9A19103F-16F7-4668-BE54-9A1E7A4F7556}") = "ApartmentBook.RecurringJobs", "ApartmentBook.RecurringJobs\ApartmentBook.RecurringJobs.csproj", "{BE55F698-0EC6-41E3-99C8-93D15585E077}"
EndProject
Project("{9A19103F-16F7-4668-BE54-9A1E7A4F7556}") = "ApartmentBook.MVC.Tests", "ApartmentBook.MVC.Tests\ApartmentBook.MVC.Tests.csproj", "{9B0F3AF1-1B2E-4AC9-AD9F-ADC2C0E26785}"
EndProject
Global
	GlobalSection(SolutionConfigurationPlatforms) = preSolution
		Debug|Any CPU = Debug|Any CPU
		Release|Any CPU = Release|Any CPU
	EndGlobalSection
	GlobalSection(ProjectConfigurationPlatforms) = postSolution
		{4768A9B6-3B6A-49C4-B635-702B8FFEF05A}.Debug|Any CPU.ActiveCfg = Debug|Any CPU
		{4768A9B6-3B6A-49C4-B635-702B8FFEF05A}.Debug|Any CPU.Build.0 = Debug|Any CPU
		{4768A9B6-3B6A-49C4-B635-702B8FFEF05A}.Release|Any CPU.ActiveCfg = Release|Any CPU
		{4768A9B6-3B6A-49C4-B635-702B8FFEF05A}.Release|Any CPU.Build.0 = Release|Any CPU
		{BE55F698-0EC6-41E3-99C8-93D15585E077}.Debug|Any CPU.ActiveCfg = Debug|Any CPU
		{BE55F698-0EC6-41E3-99C8-93D15585E077}.Debug|Any CPU.Build.0 = Debug|Any CPU
		{BE55F698-0EC6-41E3-99C8-93D15585E077}.Release|Any CPU.ActiveCfg = Release|Any CPU
		{BE55F698-0EC6-41E3-99C8-93D15585E077}.Release|Any CPU.Build.0 = Release|Any CPU
		{9B0F3AF1-1B2E-4AC9-AD9F-ADC2C0E26785}.Debug|Any CPU.ActiveCfg = Debug|Any CPU
		{9B0F3AF1-1B2E-4AC9-AD9F-ADC2C0E26785}.Debug|Any CPU.Build.0 = Debug|Any CPU
		{9B0F3AF1-1B2E-4AC9-AD9F-ADC2C0E26785}.Release|Any CPU.ActiveCfg = Release|Any CPU
		{9B0F3AF1-1B2E-4AC9-AD9F-ADC2C0E26785}.Release|Any CPU.Build.0 = Release|Any CPU
	EndGlobalSection
	GlobalSection(SolutionProperties) = preSolution
		HideSolutionNode = FALSE
	EndGlobalSection
	GlobalSection(ExtensibilityGlobals) = postSolution
		SolutionGuid = {D55518E5-1EFB-4F01-8275-936C4FF6F159}
	EndGlobalSection
EndGlobal
